// !$*UTF8*$!
{
	archiveVersion = 1;
	classes = {
	};
	objectVersion = 46;
	objects = {

/* Begin PBXBuildFile section */
		170876991F0E0AB2008FDF96 /* ViewController.swift in Sources */ = {isa = PBXBuildFile; fileRef = 170876981F0E0AB2008FDF96 /* ViewController.swift */; };
		1708769B1F0E0AFB008FDF96 /* WZQRCodeController.swift in Sources */ = {isa = PBXBuildFile; fileRef = 1708769A1F0E0AFB008FDF96 /* WZQRCodeController.swift */; };
		1788D0471F0CB85900D1476E /* SystemPermissions.swift in Sources */ = {isa = PBXBuildFile; fileRef = 1788D0461F0CB85900D1476E /* SystemPermissions.swift */; };
		1788D04B1F0DCCB800D1476E /* EFQRCodeRecognizer.swift in Sources */ = {isa = PBXBuildFile; fileRef = 1788D04A1F0DCCB700D1476E /* EFQRCodeRecognizer.swift */; };
		17A86F6F1F0BD359006A3824 /* AppDelegate.swift in Sources */ = {isa = PBXBuildFile; fileRef = 17A86F6E1F0BD359006A3824 /* AppDelegate.swift */; };
		17A86F741F0BD359006A3824 /* Main.storyboard in Resources */ = {isa = PBXBuildFile; fileRef = 17A86F721F0BD359006A3824 /* Main.storyboard */; };
		17A86F761F0BD359006A3824 /* Assets.xcassets in Resources */ = {isa = PBXBuildFile; fileRef = 17A86F751F0BD359006A3824 /* Assets.xcassets */; };
		17A86F791F0BD359006A3824 /* LaunchScreen.storyboard in Resources */ = {isa = PBXBuildFile; fileRef = 17A86F771F0BD359006A3824 /* LaunchScreen.storyboard */; };
		17A86F841F0BD359006A3824 /* QRCode_swiftTests.swift in Sources */ = {isa = PBXBuildFile; fileRef = 17A86F831F0BD359006A3824 /* QRCode_swiftTests.swift */; };
		17A86F8F1F0BD359006A3824 /* QRCode_swiftUITests.swift in Sources */ = {isa = PBXBuildFile; fileRef = 17A86F8E1F0BD359006A3824 /* QRCode_swiftUITests.swift */; };
		17EAEE4A1F204EF5005357C9 /* testControllerViewController.m in Sources */ = {isa = PBXBuildFile; fileRef = 17EAEE491F204EF5005357C9 /* testControllerViewController.m */; };
/* End PBXBuildFile section */

/* Begin PBXContainerItemProxy section */
		17A86F801F0BD359006A3824 /* PBXContainerItemProxy */ = {
			isa = PBXContainerItemProxy;
			containerPortal = 17A86F631F0BD359006A3824 /* Project object */;
			proxyType = 1;
			remoteGlobalIDString = 17A86F6A1F0BD359006A3824;
			remoteInfo = QRCode_swift;
		};
		17A86F8B1F0BD359006A3824 /* PBXContainerItemProxy */ = {
			isa = PBXContainerItemProxy;
			containerPortal = 17A86F631F0BD359006A3824 /* Project object */;
			proxyType = 1;
			remoteGlobalIDString = 17A86F6A1F0BD359006A3824;
			remoteInfo = QRCode_swift;
		};
/* End PBXContainerItemProxy section */

/* Begin PBXFileReference section */
		170876981F0E0AB2008FDF96 /* ViewController.swift */ = {isa = PBXFileReference; fileEncoding = 4; lastKnownFileType = sourcecode.swift; path = ViewController.swift; sourceTree = "<group>"; };
		1708769A1F0E0AFB008FDF96 /* WZQRCodeController.swift */ = {isa = PBXFileReference; fileEncoding = 4; lastKnownFileType = sourcecode.swift; path = WZQRCodeController.swift; sourceTree = "<group>"; };
		1788D0461F0CB85900D1476E /* SystemPermissions.swift */ = {isa = PBXFileReference; fileEncoding = 4; lastKnownFileType = sourcecode.swift; path = SystemPermissions.swift; sourceTree = "<group>"; };
		1788D04A1F0DCCB700D1476E /* EFQRCodeRecognizer.swift */ = {isa = PBXFileReference; fileEncoding = 4; lastKnownFileType = sourcecode.swift; path = EFQRCodeRecognizer.swift; sourceTree = "<group>"; };
		17A86F6B1F0BD359006A3824 /* QRCode_swift.app */ = {isa = PBXFileReference; explicitFileType = wrapper.application; includeInIndex = 0; path = QRCode_swift.app; sourceTree = BUILT_PRODUCTS_DIR; };
		17A86F6E1F0BD359006A3824 /* AppDelegate.swift */ = {isa = PBXFileReference; lastKnownFileType = sourcecode.swift; path = AppDelegate.swift; sourceTree = "<group>"; };
		17A86F731F0BD359006A3824 /* Base */ = {isa = PBXFileReference; lastKnownFileType = file.storyboard; name = Base; path = Base.lproj/Main.storyboard; sourceTree = "<group>"; };
		17A86F751F0BD359006A3824 /* Assets.xcassets */ = {isa = PBXFileReference; lastKnownFileType = folder.assetcatalog; path = Assets.xcassets; sourceTree = "<group>"; };
		17A86F781F0BD359006A3824 /* Base */ = {isa = PBXFileReference; lastKnownFileType = file.storyboard; name = Base; path = Base.lproj/LaunchScreen.storyboard; sourceTree = "<group>"; };
		17A86F7A1F0BD359006A3824 /* Info.plist */ = {isa = PBXFileReference; lastKnownFileType = text.plist.xml; path = Info.plist; sourceTree = "<group>"; };
		17A86F7F1F0BD359006A3824 /* QRCode_swiftTests.xctest */ = {isa = PBXFileReference; explicitFileType = wrapper.cfbundle; includeInIndex = 0; path = QRCode_swiftTests.xctest; sourceTree = BUILT_PRODUCTS_DIR; };
		17A86F831F0BD359006A3824 /* QRCode_swiftTests.swift */ = {isa = PBXFileReference; lastKnownFileType = sourcecode.swift; path = QRCode_swiftTests.swift; sourceTree = "<group>"; };
		17A86F851F0BD359006A3824 /* Info.plist */ = {isa = PBXFileReference; lastKnownFileType = text.plist.xml; path = Info.plist; sourceTree = "<group>"; };
		17A86F8A1F0BD359006A3824 /* QRCode_swiftUITests.xctest */ = {isa = PBXFileReference; explicitFileType = wrapper.cfbundle; includeInIndex = 0; path = QRCode_swiftUITests.xctest; sourceTree = BUILT_PRODUCTS_DIR; };
		17A86F8E1F0BD359006A3824 /* QRCode_swiftUITests.swift */ = {isa = PBXFileReference; lastKnownFileType = sourcecode.swift; path = QRCode_swiftUITests.swift; sourceTree = "<group>"; };
		17A86F901F0BD359006A3824 /* Info.plist */ = {isa = PBXFileReference; lastKnownFileType = text.plist.xml; path = Info.plist; sourceTree = "<group>"; };
		17EAEE471F204EF5005357C9 /* QRCode_swift-Bridging-Header.h */ = {isa = PBXFileReference; lastKnownFileType = sourcecode.c.h; path = "QRCode_swift-Bridging-Header.h"; sourceTree = "<group>"; };
		17EAEE481F204EF5005357C9 /* testControllerViewController.h */ = {isa = PBXFileReference; fileEncoding = 4; lastKnownFileType = sourcecode.c.h; path = testControllerViewController.h; sourceTree = "<group>"; };
		17EAEE491F204EF5005357C9 /* testControllerViewController.m */ = {isa = PBXFileReference; fileEncoding = 4; lastKnownFileType = sourcecode.c.objc; path = testControllerViewController.m; sourceTree = "<group>"; };
/* End PBXFileReference section */

/* Begin PBXFrameworksBuildPhase section */
		17A86F681F0BD359006A3824 /* Frameworks */ = {
			isa = PBXFrameworksBuildPhase;
			buildActionMask = 2147483647;
			files = (
			);
			runOnlyForDeploymentPostprocessing = 0;
		};
		17A86F7C1F0BD359006A3824 /* Frameworks */ = {
			isa = PBXFrameworksBuildPhase;
			buildActionMask = 2147483647;
			files = (
			);
			runOnlyForDeploymentPostprocessing = 0;
		};
		17A86F871F0BD359006A3824 /* Frameworks */ = {
			isa = PBXFrameworksBuildPhase;
			buildActionMask = 2147483647;
			files = (
			);
			runOnlyForDeploymentPostprocessing = 0;
		};
/* End PBXFrameworksBuildPhase section */

/* Begin PBXGroup section */
		170876951F0E0A29008FDF96 /* QRCode */ = {
			isa = PBXGroup;
			children = (
				1788D0461F0CB85900D1476E /* SystemPermissions.swift */,
				1788D04A1F0DCCB700D1476E /* EFQRCodeRecognizer.swift */,
			);
			path = QRCode;
			sourceTree = "<group>";
		};
		17A86F621F0BD359006A3824 = {
			isa = PBXGroup;
			children = (
				17A86F6D1F0BD359006A3824 /* QRCode_swift */,
				17A86F821F0BD359006A3824 /* QRCode_swiftTests */,
				17A86F8D1F0BD359006A3824 /* QRCode_swiftUITests */,
				17A86F6C1F0BD359006A3824 /* Products */,
			);
			sourceTree = "<group>";
		};
		17A86F6C1F0BD359006A3824 /* Products */ = {
			isa = PBXGroup;
			children = (
				17A86F6B1F0BD359006A3824 /* QRCode_swift.app */,
				17A86F7F1F0BD359006A3824 /* QRCode_swiftTests.xctest */,
				17A86F8A1F0BD359006A3824 /* QRCode_swiftUITests.xctest */,
			);
			name = Products;
			sourceTree = "<group>";
		};
		17A86F6D1F0BD359006A3824 /* QRCode_swift */ = {
			isa = PBXGroup;
			children = (
				170876951F0E0A29008FDF96 /* QRCode */,
				17A86F6E1F0BD359006A3824 /* AppDelegate.swift */,
				170876981F0E0AB2008FDF96 /* ViewController.swift */,
				1708769A1F0E0AFB008FDF96 /* WZQRCodeController.swift */,
				17EAEE481F204EF5005357C9 /* testControllerViewController.h */,
				17EAEE491F204EF5005357C9 /* testControllerViewController.m */,
				17A86F721F0BD359006A3824 /* Main.storyboard */,
				17A86F751F0BD359006A3824 /* Assets.xcassets */,
				17A86F771F0BD359006A3824 /* LaunchScreen.storyboard */,
				17A86F7A1F0BD359006A3824 /* Info.plist */,
				17EAEE471F204EF5005357C9 /* QRCode_swift-Bridging-Header.h */,
			);
			path = QRCode_swift;
			sourceTree = "<group>";
		};
		17A86F821F0BD359006A3824 /* QRCode_swiftTests */ = {
			isa = PBXGroup;
			children = (
				17A86F831F0BD359006A3824 /* QRCode_swiftTests.swift */,
				17A86F851F0BD359006A3824 /* Info.plist */,
			);
			path = QRCode_swiftTests;
			sourceTree = "<group>";
		};
		17A86F8D1F0BD359006A3824 /* QRCode_swiftUITests */ = {
			isa = PBXGroup;
			children = (
				17A86F8E1F0BD359006A3824 /* QRCode_swiftUITests.swift */,
				17A86F901F0BD359006A3824 /* Info.plist */,
			);
			path = QRCode_swiftUITests;
			sourceTree = "<group>";
		};
/* End PBXGroup section */

/* Begin PBXNativeTarget section */
		17A86F6A1F0BD359006A3824 /* QRCode_swift */ = {
			isa = PBXNativeTarget;
			buildConfigurationList = 17A86F931F0BD359006A3824 /* Build configuration list for PBXNativeTarget "QRCode_swift" */;
			buildPhases = (
				17A86F671F0BD359006A3824 /* Sources */,
				17A86F681F0BD359006A3824 /* Frameworks */,
				17A86F691F0BD359006A3824 /* Resources */,
			);
			buildRules = (
			);
			dependencies = (
			);
			name = QRCode_swift;
			productName = QRCode_swift;
			productReference = 17A86F6B1F0BD359006A3824 /* QRCode_swift.app */;
			productType = "com.apple.product-type.application";
		};
		17A86F7E1F0BD359006A3824 /* QRCode_swiftTests */ = {
			isa = PBXNativeTarget;
			buildConfigurationList = 17A86F961F0BD359006A3824 /* Build configuration list for PBXNativeTarget "QRCode_swiftTests" */;
			buildPhases = (
				17A86F7B1F0BD359006A3824 /* Sources */,
				17A86F7C1F0BD359006A3824 /* Frameworks */,
				17A86F7D1F0BD359006A3824 /* Resources */,
			);
			buildRules = (
			);
			dependencies = (
				17A86F811F0BD359006A3824 /* PBXTargetDependency */,
			);
			name = QRCode_swiftTests;
			productName = QRCode_swiftTests;
			productReference = 17A86F7F1F0BD359006A3824 /* QRCode_swiftTests.xctest */;
			productType = "com.apple.product-type.bundle.unit-test";
		};
		17A86F891F0BD359006A3824 /* QRCode_swiftUITests */ = {
			isa = PBXNativeTarget;
			buildConfigurationList = 17A86F991F0BD359006A3824 /* Build configuration list for PBXNativeTarget "QRCode_swiftUITests" */;
			buildPhases = (
				17A86F861F0BD359006A3824 /* Sources */,
				17A86F871F0BD359006A3824 /* Frameworks */,
				17A86F881F0BD359006A3824 /* Resources */,
			);
			buildRules = (
			);
			dependencies = (
				17A86F8C1F0BD359006A3824 /* PBXTargetDependency */,
			);
			name = QRCode_swiftUITests;
			productName = QRCode_swiftUITests;
			productReference = 17A86F8A1F0BD359006A3824 /* QRCode_swiftUITests.xctest */;
			productType = "com.apple.product-type.bundle.ui-testing";
		};
/* End PBXNativeTarget section */

/* Begin PBXProject section */
		17A86F631F0BD359006A3824 /* Project object */ = {
			isa = PBXProject;
			attributes = {
				LastSwiftUpdateCheck = 0830;
				LastUpgradeCheck = 0830;
				ORGANIZATIONNAME = "Hongpeng Yu";
				TargetAttributes = {
					17A86F6A1F0BD359006A3824 = {
						CreatedOnToolsVersion = 8.3.3;
						DevelopmentTeam = 968DRM3WZ8;
						LastSwiftMigration = 0830;
						ProvisioningStyle = Manual;
					};
					17A86F7E1F0BD359006A3824 = {
						CreatedOnToolsVersion = 8.3.3;
						DevelopmentTeam = UP23SS576K;
						ProvisioningStyle = Automatic;
						TestTargetID = 17A86F6A1F0BD359006A3824;
					};
					17A86F891F0BD359006A3824 = {
						CreatedOnToolsVersion = 8.3.3;
						DevelopmentTeam = UP23SS576K;
						ProvisioningStyle = Automatic;
						TestTargetID = 17A86F6A1F0BD359006A3824;
					};
				};
			};
			buildConfigurationList = 17A86F661F0BD359006A3824 /* Build configuration list for PBXProject "QRCode_swift" */;
			compatibilityVersion = "Xcode 3.2";
			developmentRegion = English;
			hasScannedForEncodings = 0;
			knownRegions = (
				en,
				Base,
			);
			mainGroup = 17A86F621F0BD359006A3824;
			productRefGroup = 17A86F6C1F0BD359006A3824 /* Products */;
			projectDirPath = "";
			projectRoot = "";
			targets = (
				17A86F6A1F0BD359006A3824 /* QRCode_swift */,
				17A86F7E1F0BD359006A3824 /* QRCode_swiftTests */,
				17A86F891F0BD359006A3824 /* QRCode_swiftUITests */,
			);
		};
/* End PBXProject section */

/* Begin PBXResourcesBuildPhase section */
		17A86F691F0BD359006A3824 /* Resources */ = {
			isa = PBXResourcesBuildPhase;
			buildActionMask = 2147483647;
			files = (
				17A86F791F0BD359006A3824 /* LaunchScreen.storyboard in Resources */,
				17A86F761F0BD359006A3824 /* Assets.xcassets in Resources */,
				17A86F741F0BD359006A3824 /* Main.storyboard in Resources */,
			);
			runOnlyForDeploymentPostprocessing = 0;
		};
		17A86F7D1F0BD359006A3824 /* Resources */ = {
			isa = PBXResourcesBuildPhase;
			buildActionMask = 2147483647;
			files = (
			);
			runOnlyForDeploymentPostprocessing = 0;
		};
		17A86F881F0BD359006A3824 /* Resources */ = {
			isa = PBXResourcesBuildPhase;
			buildActionMask = 2147483647;
			files = (
			);
			runOnlyForDeploymentPostprocessing = 0;
		};
/* End PBXResourcesBuildPhase section */

/* Begin PBXSourcesBuildPhase section */
		17A86F671F0BD359006A3824 /* Sources */ = {
			isa = PBXSourcesBuildPhase;
			buildActionMask = 2147483647;
			files = (
				17EAEE4A1F204EF5005357C9 /* testControllerViewController.m in Sources */,
				170876991F0E0AB2008FDF96 /* ViewController.swift in Sources */,
				1788D04B1F0DCCB800D1476E /* EFQRCodeRecognizer.swift in Sources */,
				1708769B1F0E0AFB008FDF96 /* WZQRCodeController.swift in Sources */,
				17A86F6F1F0BD359006A3824 /* AppDelegate.swift in Sources */,
				1788D0471F0CB85900D1476E /* SystemPermissions.swift in Sources */,
			);
			runOnlyForDeploymentPostprocessing = 0;
		};
		17A86F7B1F0BD359006A3824 /* Sources */ = {
			isa = PBXSourcesBuildPhase;
			buildActionMask = 2147483647;
			files = (
				17A86F841F0BD359006A3824 /* QRCode_swiftTests.swift in Sources */,
			);
			runOnlyForDeploymentPostprocessing = 0;
		};
		17A86F861F0BD359006A3824 /* Sources */ = {
			isa = PBXSourcesBuildPhase;
			buildActionMask = 2147483647;
			files = (
				17A86F8F1F0BD359006A3824 /* QRCode_swiftUITests.swift in Sources */,
			);
			runOnlyForDeploymentPostprocessing = 0;
		};
/* End PBXSourcesBuildPhase section */

/* Begin PBXTargetDependency section */
		17A86F811F0BD359006A3824 /* PBXTargetDependency */ = {
			isa = PBXTargetDependency;
			target = 17A86F6A1F0BD359006A3824 /* QRCode_swift */;
			targetProxy = 17A86F801F0BD359006A3824 /* PBXContainerItemProxy */;
		};
		17A86F8C1F0BD359006A3824 /* PBXTargetDependency */ = {
			isa = PBXTargetDependency;
			target = 17A86F6A1F0BD359006A3824 /* QRCode_swift */;
			targetProxy = 17A86F8B1F0BD359006A3824 /* PBXContainerItemProxy */;
		};
/* End PBXTargetDependency section */

/* Begin PBXVariantGroup section */
		17A86F721F0BD359006A3824 /* Main.storyboard */ = {
			isa = PBXVariantGroup;
			children = (
				17A86F731F0BD359006A3824 /* Base */,
			);
			name = Main.storyboard;
			sourceTree = "<group>";
		};
		17A86F771F0BD359006A3824 /* LaunchScreen.storyboard */ = {
			isa = PBXVariantGroup;
			children = (
				17A86F781F0BD359006A3824 /* Base */,
			);
			name = LaunchScreen.storyboard;
			sourceTree = "<group>";
		};
/* End PBXVariantGroup section */

/* Begin XCBuildConfiguration section */
		17A86F911F0BD359006A3824 /* Debug */ = {
			isa = XCBuildConfiguration;
			buildSettings = {
				ALWAYS_SEARCH_USER_PATHS = NO;
				CLANG_ANALYZER_NONNULL = YES;
				CLANG_ANALYZER_NUMBER_OBJECT_CONVERSION = YES_AGGRESSIVE;
				CLANG_CXX_LANGUAGE_STANDARD = "gnu++0x";
				CLANG_CXX_LIBRARY = "libc++";
				CLANG_ENABLE_MODULES = YES;
				CLANG_ENABLE_OBJC_ARC = YES;
				CLANG_WARN_BOOL_CONVERSION = YES;
				CLANG_WARN_CONSTANT_CONVERSION = YES;
				CLANG_WARN_DIRECT_OBJC_ISA_USAGE = YES_ERROR;
				CLANG_WARN_DOCUMENTATION_COMMENTS = YES;
				CLANG_WARN_EMPTY_BODY = YES;
				CLANG_WARN_ENUM_CONVERSION = YES;
				CLANG_WARN_INFINITE_RECURSION = YES;
				CLANG_WARN_INT_CONVERSION = YES;
				CLANG_WARN_OBJC_ROOT_CLASS = YES_ERROR;
				CLANG_WARN_SUSPICIOUS_MOVE = YES;
				CLANG_WARN_UNREACHABLE_CODE = YES;
				CLANG_WARN__DUPLICATE_METHOD_MATCH = YES;
				"CODE_SIGN_IDENTITY[sdk=iphoneos*]" = "iPhone Developer";
				COPY_PHASE_STRIP = NO;
				DEBUG_INFORMATION_FORMAT = dwarf;
				ENABLE_STRICT_OBJC_MSGSEND = YES;
				ENABLE_TESTABILITY = YES;
				GCC_C_LANGUAGE_STANDARD = gnu99;
				GCC_DYNAMIC_NO_PIC = NO;
				GCC_NO_COMMON_BLOCKS = YES;
				GCC_OPTIMIZATION_LEVEL = 0;
				GCC_PREPROCESSOR_DEFINITIONS = (
					"DEBUG=1",
					"$(inherited)",
				);
				GCC_WARN_64_TO_32_BIT_CONVERSION = YES;
				GCC_WARN_ABOUT_RETURN_TYPE = YES_ERROR;
				GCC_WARN_UNDECLARED_SELECTOR = YES;
				GCC_WARN_UNINITIALIZED_AUTOS = YES_AGGRESSIVE;
				GCC_WARN_UNUSED_FUNCTION = YES;
				GCC_WARN_UNUSED_VARIABLE = YES;
				IPHONEOS_DEPLOYMENT_TARGET = 10.3;
				MTL_ENABLE_DEBUG_INFO = YES;
				ONLY_ACTIVE_ARCH = YES;
				SDKROOT = iphoneos;
				SWIFT_ACTIVE_COMPILATION_CONDITIONS = DEBUG;
				SWIFT_OPTIMIZATION_LEVEL = "-Onone";
			};
			name = Debug;
		};
		17A86F921F0BD359006A3824 /* Release */ = {
			isa = XCBuildConfiguration;
			buildSettings = {
				ALWAYS_SEARCH_USER_PATHS = NO;
				CLANG_ANALYZER_NONNULL = YES;
				CLANG_ANALYZER_NUMBER_OBJECT_CONVERSION = YES_AGGRESSIVE;
				CLANG_CXX_LANGUAGE_STANDARD = "gnu++0x";
				CLANG_CXX_LIBRARY = "libc++";
				CLANG_ENABLE_MODULES = YES;
				CLANG_ENABLE_OBJC_ARC = YES;
				CLANG_WARN_BOOL_CONVERSION = YES;
				CLANG_WARN_CONSTANT_CONVERSION = YES;
				CLANG_WARN_DIRECT_OBJC_ISA_USAGE = YES_ERROR;
				CLANG_WARN_DOCUMENTATION_COMMENTS = YES;
				CLANG_WARN_EMPTY_BODY = YES;
				CLANG_WARN_ENUM_CONVERSION = YES;
				CLANG_WARN_INFINITE_RECURSION = YES;
				CLANG_WARN_INT_CONVERSION = YES;
				CLANG_WARN_OBJC_ROOT_CLASS = YES_ERROR;
				CLANG_WARN_SUSPICIOUS_MOVE = YES;
				CLANG_WARN_UNREACHABLE_CODE = YES;
				CLANG_WARN__DUPLICATE_METHOD_MATCH = YES;
				"CODE_SIGN_IDENTITY[sdk=iphoneos*]" = "iPhone Developer";
				COPY_PHASE_STRIP = NO;
				DEBUG_INFORMATION_FORMAT = "dwarf-with-dsym";
				ENABLE_NS_ASSERTIONS = NO;
				ENABLE_STRICT_OBJC_MSGSEND = YES;
				GCC_C_LANGUAGE_STANDARD = gnu99;
				GCC_NO_COMMON_BLOCKS = YES;
				GCC_WARN_64_TO_32_BIT_CONVERSION = YES;
				GCC_WARN_ABOUT_RETURN_TYPE = YES_ERROR;
				GCC_WARN_UNDECLARED_SELECTOR = YES;
				GCC_WARN_UNINITIALIZED_AUTOS = YES_AGGRESSIVE;
				GCC_WARN_UNUSED_FUNCTION = YES;
				GCC_WARN_UNUSED_VARIABLE = YES;
				IPHONEOS_DEPLOYMENT_TARGET = 10.3;
				MTL_ENABLE_DEBUG_INFO = NO;
				SDKROOT = iphoneos;
				SWIFT_OPTIMIZATION_LEVEL = "-Owholemodule";
				VALIDATE_PRODUCT = YES;
			};
			name = Release;
		};
		17A86F941F0BD359006A3824 /* Debug */ = {
			isa = XCBuildConfiguration;
			buildSettings = {
				ASSETCATALOG_COMPILER_APPICON_NAME = AppIcon;
				CLANG_ENABLE_MODULES = YES;
				DEFINES_MODULE = YES;
				DEVELOPMENT_TEAM = 968DRM3WZ8;
				INFOPLIST_FILE = QRCode_swift/Info.plist;
				LD_RUNPATH_SEARCH_PATHS = "$(inherited) @executable_path/Frameworks";
				PRODUCT_BUNDLE_IDENTIFIER = cn.com.wanzhao.WZ.QRCode;
				PRODUCT_NAME = "$(TARGET_NAME)";
				PROVISIONING_PROFILE = "5998bc03-7073-4933-9202-109ba3cee11b";
				PROVISIONING_PROFILE_SPECIFIER = WZAppTest_dev;
				SWIFT_OBJC_BRIDGING_HEADER = "QRCode_swift/QRCode_swift-Bridging-Header.h";
				SWIFT_OPTIMIZATION_LEVEL = "-Onone";
				SWIFT_VERSION = 3.0;
			};
			name = Debug;
		};
		17A86F951F0BD359006A3824 /* Release */ = {
			isa = XCBuildConfiguration;
			buildSettings = {
				ASSETCATALOG_COMPILER_APPICON_NAME = AppIcon;
				CLANG_ENABLE_MODULES = YES;
				DEFINES_MODULE = YES;
				DEVELOPMENT_TEAM = "";
				INFOPLIST_FILE = QRCode_swift/Info.plist;
				LD_RUNPATH_SEARCH_PATHS = "$(inherited) @executable_path/Frameworks";
				PRODUCT_BUNDLE_IDENTIFIER = cn.com.wanzhao.WZ.QRCode;
				PRODUCT_NAME = "$(TARGET_NAME)";
				PROVISIONING_PROFILE_SPECIFIER = "";
				SWIFT_OBJC_BRIDGING_HEADER = "QRCode_swift/QRCode_swift-Bridging-Header.h";
				SWIFT_VERSION = 3.0;
			};
			name = Release;
		};
		17A86F971F0BD359006A3824 /* Debug */ = {
			isa = XCBuildConfiguration;
			buildSettings = {
				ALWAYS_EMBED_SWIFT_STANDARD_LIBRARIES = YES;
				BUNDLE_LOADER = "$(TEST_HOST)";
				DEVELOPMENT_TEAM = UP23SS576K;
				INFOPLIST_FILE = QRCode_swiftTests/Info.plist;
				LD_RUNPATH_SEARCH_PATHS = "$(inherited) @executable_path/Frameworks @loader_path/Frameworks";
				PRODUCT_BUNDLE_IDENTIFIER = "atreey.github.io.QRCode-swiftTests";
				PRODUCT_NAME = "$(TARGET_NAME)";
				SWIFT_VERSION = 3.0;
				TEST_HOST = "$(BUILT_PRODUCTS_DIR)/QRCode_swift.app/QRCode_swift";
			};
			name = Debug;
		};
		17A86F981F0BD359006A3824 /* Release */ = {
			isa = XCBuildConfiguration;
			buildSettings = {
				ALWAYS_EMBED_SWIFT_STANDARD_LIBRARIES = YES;
				BUNDLE_LOADER = "$(TEST_HOST)";
				DEVELOPMENT_TEAM = UP23SS576K;
				INFOPLIST_FILE = QRCode_swiftTests/Info.plist;
				LD_RUNPATH_SEARCH_PATHS = "$(inherited) @executable_path/Frameworks @loader_path/Frameworks";
				PRODUCT_BUNDLE_IDENTIFIER = "atreey.github.io.QRCode-swiftTests";
				PRODUCT_NAME = "$(TARGET_NAME)";
				SWIFT_VERSION = 3.0;
				TEST_HOST = "$(BUILT_PRODUCTS_DIR)/QRCode_swift.app/QRCode_swift";
			};
			name = Release;
		};
		17A86F9A1F0BD359006A3824 /* Debug */ = {
			isa = XCBuildConfiguration;
			buildSettings = {
				ALWAYS_EMBED_SWIFT_STANDARD_LIBRARIES = YES;
				DEVELOPMENT_TEAM = UP23SS576K;
				INFOPLIST_FILE = QRCode_swiftUITests/Info.plist;
				LD_RUNPATH_SEARCH_PATHS = "$(inherited) @executable_path/Frameworks @loader_path/Frameworks";
				PRODUCT_BUNDLE_IDENTIFIER = "atreey.github.io.QRCode-swiftUITests";
				PRODUCT_NAME = "$(TARGET_NAME)";
				SWIFT_VERSION = 3.0;
				TEST_TARGET_NAME = QRCode_swift;
			};
			name = Debug;
		};
		17A86F9B1F0BD359006A3824 /* Release */ = {
			isa = XCBuildConfiguration;
			buildSettings = {
				ALWAYS_EMBED_SWIFT_STANDARD_LIBRARIES = YES;
				DEVELOPMENT_TEAM = UP23SS576K;
				INFOPLIST_FILE = QRCode_swiftUITests/Info.plist;
				LD_RUNPATH_SEARCH_PATHS = "$(inherited) @executable_path/Frameworks @loader_path/Frameworks";
				PRODUCT_BUNDLE_IDENTIFIER = "atreey.github.io.QRCode-swiftUITests";
				PRODUCT_NAME = "$(TARGET_NAME)";
				SWIFT_VERSION = 3.0;
				TEST_TARGET_NAME = QRCode_swift;
			};
			name = Release;
		};
/* End XCBuildConfiguration section */

/* Begin XCConfigurationList section */
		17A86F661F0BD359006A3824 /* Build configuration list for PBXProject "QRCode_swift" */ = {
			isa = XCConfigurationList;
			buildConfigurations = (
				17A86F911F0BD359006A3824 /* Debug */,
				17A86F921F0BD359006A3824 /* Release */,
			);
			defaultConfigurationIsVisible = 0;
			defaultConfigurationName = Release;
		};
		17A86F931F0BD359006A3824 /* Build configuration list for PBXNativeTarget "QRCode_swift" */ = {
			isa = XCConfigurationList;
			buildConfigurations = (
				17A86F941F0BD359006A3824 /* Debug */,
				17A86F951F0BD359006A3824 /* Release */,
			);
			defaultConfigurationIsVisible = 0;
			defaultConfigurationName = Release;
		};
		17A86F961F0BD359006A3824 /* Build configuration list for PBXNativeTarget "QRCode_swiftTests" */ = {
			isa = XCConfigurationList;
			buildConfigurations = (
				17A86F971F0BD359006A3824 /* Debug */,
				17A86F981F0BD359006A3824 /* Release */,
			);
			defaultConfigurationIsVisible = 0;
			defaultConfigurationName = Release;
		};
		17A86F991F0BD359006A3824 /* Build configuration list for PBXNativeTarget "QRCode_swiftUITests" */ = {
			isa = XCConfigurationList;
			buildConfigurations = (
				17A86F9A1F0BD359006A3824 /* Debug */,
				17A86F9B1F0BD359006A3824 /* Release */,
			);
			defaultConfigurationIsVisible = 0;
			defaultConfigurationName = Release;
		};
/* End XCConfigurationList section */
	};
	rootObject = 17A86F631F0BD359006A3824 /* Project object */;
}
